{
  "name": "pixi-trial",
  "version": "1.0.0",
  "lockfileVersion": 1,
  "requires": true,
  "dependencies": {
    "@fastify/ajv-compiler": {
      "version": "1.1.0",
      "resolved": "https://registry.npmjs.org/@fastify/ajv-compiler/-/ajv-compiler-1.1.0.tgz",
      "integrity": "sha512-gvCOUNpXsWrIQ3A4aXCLIdblL0tDq42BG/2Xw7oxbil9h11uow10ztS2GuFazNBfjbrsZ5nl+nPl5jDSjj5TSg==",
      "requires": {
        "ajv": "^6.12.6"
      }
    },
    "@pixi/accessibility": {
      "version": "6.2.0",
      "resolved": "https://registry.npmjs.org/@pixi/accessibility/-/accessibility-6.2.0.tgz",
      "integrity": "sha512-eih01Q8E+aI78ggJ/ONVPN6yK9L/P2XWu2DUJghhGlAaQ1vjlvZzGY2bfuZPwR2Dmake72qEoQY6hEGASjjV+w=="
    },
    "@pixi/app": {
      "version": "6.2.0",
      "resolved": "https://registry.npmjs.org/@pixi/app/-/app-6.2.0.tgz",
      "integrity": "sha512-X/VVB/Lk0VMXsdw+A15UIG8JlVU+yREWW2TSzto+ub0l3RjrphiHULhGUYE4/hbNC5RQzHC8j+lw3sBXItx1EQ=="
    },
    "@pixi/compressed-textures": {
      "version": "6.2.0",
      "resolved": "https://registry.npmjs.org/@pixi/compressed-textures/-/compressed-textures-6.2.0.tgz",
      "integrity": "sha512-NS6tCczzqFWEjah4+MO7t3mzXT1e3IlAHG1Ex4BeuDe296QIIaNhPAqcZPTZI3LlQpmnCw5V9g+yAQwRcF5g8w=="
    },
    "@pixi/constants": {
      "version": "6.2.0",
      "resolved": "https://registry.npmjs.org/@pixi/constants/-/constants-6.2.0.tgz",
      "integrity": "sha512-8WzYWtx3Q/UnH4WQIF6iDHLh9N2Lh0pU2jFluRehaXWtVmvfF5pB8XYFB5wllVNBKoeyfymk0g5G6y84dZ43Pw=="
    },
    "@pixi/core": {
      "version": "6.2.0",
      "resolved": "https://registry.npmjs.org/@pixi/core/-/core-6.2.0.tgz",
      "integrity": "sha512-RpPW5LPRoTl6bB27AGXxzJeq2KksRC0lp8C40l8F1+nJUj7AUJILOAvn9KLEmCFSUuIIp4sOcD66y5iFynfmvQ=="
    },
    "@pixi/display": {
      "version": "6.2.0",
      "resolved": "https://registry.npmjs.org/@pixi/display/-/display-6.2.0.tgz",
      "integrity": "sha512-uEphbxCvr9jnWD+0zStwUn8xQlMqA3wrhm4+xsUWJmQZkS1yV5dWwtFth5bbP3lAcP2/CpK9tUF/ScnLbys7NQ=="
    },
    "@pixi/extract": {
      "version": "6.2.0",
      "resolved": "https://registry.npmjs.org/@pixi/extract/-/extract-6.2.0.tgz",
      "integrity": "sha512-f6jcHSwqRpEIf3to39PRJPWlJiMzUHC6SFGfS12VBwxv0/TGE9HyMEGs04XsihPDFBFs7b4+GaR4kEKUUfzWCw=="
    },
    "@pixi/filter-alpha": {
      "version": "6.2.0",
      "resolved": "https://registry.npmjs.org/@pixi/filter-alpha/-/filter-alpha-6.2.0.tgz",
      "integrity": "sha512-E7imqhvWDffYoMnSB/4fskWywnnq3oVtReIgjTOYnT2+o89Mu6th8do/c8aaYKF/e+0Y95UkeIKiv2TjtPpV/Q=="
    },
    "@pixi/filter-blur": {
      "version": "6.2.0",
      "resolved": "https://registry.npmjs.org/@pixi/filter-blur/-/filter-blur-6.2.0.tgz",
      "integrity": "sha512-MEq1gklzaW4bl1HQDlwd4Vss4bQXPg+/L3dgwMfeoHsj+6CT30V5HoOXOUYK/EeYNBBg5ViLjVqnK6PadjWyOQ=="
    },
    "@pixi/filter-color-matrix": {
      "version": "6.2.0",
      "resolved": "https://registry.npmjs.org/@pixi/filter-color-matrix/-/filter-color-matrix-6.2.0.tgz",
      "integrity": "sha512-sJ9zELuz6MuPllZw3E/4+csT4kzzcw3EMFkFiJyYYndqJhRP+fc6iRTgnmYrmhDtBcqxfS/HAcrqUUgELlKbAA=="
    },
    "@pixi/filter-displacement": {
      "version": "6.2.0",
      "resolved": "https://registry.npmjs.org/@pixi/filter-displacement/-/filter-displacement-6.2.0.tgz",
      "integrity": "sha512-vL/ErS6EjMiEcqkTd93CE8kfjCZXSCktYaAmaeDZ/oPB18ldEqJ/oK18fOuzTC6RhJAfhOpw2xT0cDv+CT11XQ=="
    },
    "@pixi/filter-fxaa": {
      "version": "6.2.0",
      "resolved": "https://registry.npmjs.org/@pixi/filter-fxaa/-/filter-fxaa-6.2.0.tgz",
      "integrity": "sha512-S0cxGIlhJUMnSeODugz8gDwRamBBHjnEwRrKjJVllCxQGPYGAEcIKRpK+Ewv9+JuxezzW06MZIQ8SdyXanh/Cw=="
    },
    "@pixi/filter-noise": {
      "version": "6.2.0",
      "resolved": "https://registry.npmjs.org/@pixi/filter-noise/-/filter-noise-6.2.0.tgz",
      "integrity": "sha512-+vsUXgeZtPympkg2Qw9zFGraWJzLH63MhieveiX78qJi0BAqmUObjsil8hO2wTSnU+nfFEoPKRJwCbRnNuNtbA=="
    },
    "@pixi/graphics": {
      "version": "6.2.0",
      "resolved": "https://registry.npmjs.org/@pixi/graphics/-/graphics-6.2.0.tgz",
      "integrity": "sha512-VUh2o49FheH57U0G8cW371jpNy3JOxEQXy/DRCfm34hcRjlokOrdP/MtOibVruIOKVVZSGAb0ybsjF3N5ELIvg=="
    },
    "@pixi/interaction": {
      "version": "6.2.0",
      "resolved": "https://registry.npmjs.org/@pixi/interaction/-/interaction-6.2.0.tgz",
      "integrity": "sha512-okuYrv7tqm9+Vb2N/+acKzR9nxQpuMoXAMTmm0rq53gTHCyliFds6lXRa8JHi3HufoAKhyHEP3QYrMgKRGvCiw=="
    },
    "@pixi/loaders": {
      "version": "6.2.0",
      "resolved": "https://registry.npmjs.org/@pixi/loaders/-/loaders-6.2.0.tgz",
      "integrity": "sha512-fkEErikWslkFycTuUYOe84rLfVRGLVT4mXIpqjS1AWHa+Q0NjhmMoSsmZbmp1NHg/gGgnta0q5kZI23X2SNyVw=="
    },
    "@pixi/math": {
      "version": "6.2.0",
      "resolved": "https://registry.npmjs.org/@pixi/math/-/math-6.2.0.tgz",
      "integrity": "sha512-S/whcwowZdK8X594ZDL0VNdPdzgNyb9cDhwDChhbRIKyVitxZcPPQZcBxDwWmaMyyqN6GKfIBX8wGVghVOI3lw=="
    },
    "@pixi/mesh": {
      "version": "6.2.0",
      "resolved": "https://registry.npmjs.org/@pixi/mesh/-/mesh-6.2.0.tgz",
      "integrity": "sha512-+2TM6OJdWcANH59Yl2kj+BAbYlglBIUMtUifs0clmRGqSQPsEiuHj3IFbxm89F4upfA5vIf/3GekRE/qLIhIxg=="
    },
    "@pixi/mesh-extras": {
      "version": "6.2.0",
      "resolved": "https://registry.npmjs.org/@pixi/mesh-extras/-/mesh-extras-6.2.0.tgz",
      "integrity": "sha512-E3FUh6FLGOmcwkMxVt//R/eqNUIZj3Bi9X9d7+9FIxuMaGVi/LdQ2tAdDJkWDx4HwAtRLslIhymbsl0x6IzJDQ=="
    },
    "@pixi/mixin-cache-as-bitmap": {
      "version": "6.2.0",
      "resolved": "https://registry.npmjs.org/@pixi/mixin-cache-as-bitmap/-/mixin-cache-as-bitmap-6.2.0.tgz",
      "integrity": "sha512-QkX1LPu4WOiE7huNYUFKecUB66tQhcb2f4glJ0bbVNICodAkbz6HfnX1eDezx/6GYX4e01VNDwQ3TfQil+5r5w=="
    },
    "@pixi/mixin-get-child-by-name": {
      "version": "6.2.0",
      "resolved": "https://registry.npmjs.org/@pixi/mixin-get-child-by-name/-/mixin-get-child-by-name-6.2.0.tgz",
      "integrity": "sha512-VCokQVg7Xh9QCUou553yfbu0FTi++E++7ByCUPqzTU1hR2VFQRmI8aIkrHNER+PolqnnrrCKFXR7bZW0RdHD+A=="
    },
    "@pixi/mixin-get-global-position": {
      "version": "6.2.0",
      "resolved": "https://registry.npmjs.org/@pixi/mixin-get-global-position/-/mixin-get-global-position-6.2.0.tgz",
      "integrity": "sha512-yaoqbzFlfD3e7Kh20f9r21G2zZsw9oveGhLbUgFnBGpvjCHArcWOTCjHrXYy9pKGaFOh6hpJYWbhx/Lhg+YpcQ=="
    },
    "@pixi/particle-container": {
      "version": "6.2.0",
      "resolved": "https://registry.npmjs.org/@pixi/particle-container/-/particle-container-6.2.0.tgz",
      "integrity": "sha512-DAYz3Mz20fl5firWS4aAFvZSZIQyS3z8Oq2kr/xHBQjtNiu8YBFNQWs/71pNG0Fg2dc/oIyy4aUIZCPLb54CSA=="
    },
    "@pixi/polyfill": {
      "version": "6.2.0",
      "resolved": "https://registry.npmjs.org/@pixi/polyfill/-/polyfill-6.2.0.tgz",
      "integrity": "sha512-UrcH9YtPV/ZquxQd7KY+ITT1Ccf4KY8xcbq5Aa839TpcYflk3suftzn4cBuOhW6ycnSjQB+LU7VEP1f4Kr1qpA==",
      "requires": {
        "object-assign": "^4.1.1",
        "promise-polyfill": "^8.2.0"
      }
    },
    "@pixi/prepare": {
      "version": "6.2.0",
      "resolved": "https://registry.npmjs.org/@pixi/prepare/-/prepare-6.2.0.tgz",
      "integrity": "sha512-tiO4EGbvWpLQ+xOIVTW5QBMYMa/9hhP/nghLqGA67m2ZFzD/f8KEWBZQZeUIMWuQ7XRwpNziBlFmsSSlqKk+/Q=="
    },
    "@pixi/runner": {
      "version": "6.2.0",
      "resolved": "https://registry.npmjs.org/@pixi/runner/-/runner-6.2.0.tgz",
      "integrity": "sha512-+tgO9IO+dMZhiok36AfzUWbEqhU6U+CxjF6n/iWCXElkAwj06gNXNyR7Ryib7V8NBd5opzP7XOxjZR/8A376DA=="
    },
    "@pixi/settings": {
      "version": "6.2.0",
      "resolved": "https://registry.npmjs.org/@pixi/settings/-/settings-6.2.0.tgz",
      "integrity": "sha512-nOtaM/6P6uXVJm5b4UWH41rm31fL8gT12H1pbf2qOTxqorSG/WGfXyLkSC/y8MvEMlEKJoej1S2HZKPQ/SwhZA==",
      "requires": {
        "ismobilejs": "^1.1.0"
      }
    },
    "@pixi/sprite": {
      "version": "6.2.0",
      "resolved": "https://registry.npmjs.org/@pixi/sprite/-/sprite-6.2.0.tgz",
      "integrity": "sha512-yG4tBBuI008inlvlkn9IiglWddrSoL6ah2R6Jgd6jh2RaKPfrNdH0D8t/MzshnOh30JvGP6sVAXaLSX3mRBWaw=="
    },
    "@pixi/sprite-animated": {
      "version": "6.2.0",
      "resolved": "https://registry.npmjs.org/@pixi/sprite-animated/-/sprite-animated-6.2.0.tgz",
      "integrity": "sha512-AcmKVzB/TXp0nyFUIoIweXMsLzd/6o6mtiy9M1f9tTd7eaIUgVwpLnsWM5rOahNpJaYq4S9Gnsy3cbGlljnRSw=="
    },
    "@pixi/sprite-tiling": {
      "version": "6.2.0",
      "resolved": "https://registry.npmjs.org/@pixi/sprite-tiling/-/sprite-tiling-6.2.0.tgz",
      "integrity": "sha512-GPcAjKZrEYt572+GNjhYjCdNuxSP6STu4+LvPqMq/AiQfXWvJvSRUfCZDf+u1pc33CUFMoYUr1TKXWMqGymDtg=="
    },
    "@pixi/spritesheet": {
      "version": "6.2.0",
      "resolved": "https://registry.npmjs.org/@pixi/spritesheet/-/spritesheet-6.2.0.tgz",
      "integrity": "sha512-wGXmo54qJO15/pd28FE6lMvfoJMIhi9nJ44AEtSmhGXqexs7T7NNzaEBZYFxyWTMFoEVJ1qxHUckOAnq12IXKg=="
    },
    "@pixi/text": {
      "version": "6.2.0",
      "resolved": "https://registry.npmjs.org/@pixi/text/-/text-6.2.0.tgz",
      "integrity": "sha512-iDrCWY0LuRtq8t0+PyH+xf74jW+lfVTRqqehOFFb0WJ9Ekdl7KpCeKXgPFVs8oer0bvxXKK2c00DPD8d1qq5uw=="
    },
    "@pixi/text-bitmap": {
      "version": "6.2.0",
      "resolved": "https://registry.npmjs.org/@pixi/text-bitmap/-/text-bitmap-6.2.0.tgz",
      "integrity": "sha512-H3GWWZ1WgwZ3JJn6RvtO4im5AQlfAN1zEHQyE66/adhte6HgzYrMvGgM5sug2f5ZFXl81O0vBddSakbg2myaXw=="
    },
    "@pixi/ticker": {
      "version": "6.2.0",
      "resolved": "https://registry.npmjs.org/@pixi/ticker/-/ticker-6.2.0.tgz",
      "integrity": "sha512-6X4hP2hciTdF776qhii9yiYQev/ZTPjFvuwZSHow7l33se81ORF33HFpcLdgZ7qgBQtT10+tOx8Fr6Ihu6yeUQ=="
    },
    "@pixi/utils": {
      "version": "6.2.0",
      "resolved": "https://registry.npmjs.org/@pixi/utils/-/utils-6.2.0.tgz",
      "integrity": "sha512-2WXNaeiDn/q64jJ7ZZUufL/vRfRVYrBJQuTk64sv8Ak1OxyTqwbfQQSfzGoyYpNZJdnAG5k8H+7u0GqJj9ts5Q==",
      "requires": {
        "@types/earcut": "^2.1.0",
        "earcut": "^2.2.2",
        "eventemitter3": "^3.1.0",
        "url": "^0.11.0"
      }
    },
    "@types/earcut": {
      "version": "2.1.1",
      "resolved": "https://registry.npmjs.org/@types/earcut/-/earcut-2.1.1.tgz",
      "integrity": "sha512-w8oigUCDjElRHRRrMvn/spybSMyX8MTkKA5Dv+tS1IE/TgmNZPqUYtvYBXGY8cieSE66gm+szeK+bnbxC2xHTQ=="
    },
    "abstract-logging": {
      "version": "2.0.1",
      "resolved": "https://registry.npmjs.org/abstract-logging/-/abstract-logging-2.0.1.tgz",
      "integrity": "sha512-2BjRTZxTPvheOvGbBslFSYOUkr+SjPtOnrLP33f+VIWLzezQpZcqVg7ja3L4dBXmzzgwT+a029jRx5PCi3JuiA=="
    },
    "ajv": {
      "version": "6.12.6",
      "resolved": "https://registry.npmjs.org/ajv/-/ajv-6.12.6.tgz",
      "integrity": "sha512-j3fVLgvTo527anyYyJOGTYJbG+vnnQYvE0m5mmkc1TK+nxAppkCLMIL0aZ4dblVCNoGShhm+kzE4ZUykBoMg4g==",
      "requires": {
        "fast-deep-equal": "^3.1.1",
        "fast-json-stable-stringify": "^2.0.0",
        "json-schema-traverse": "^0.4.1",
        "uri-js": "^4.2.2"
      }
    },
    "archy": {
      "version": "1.0.0",
      "resolved": "https://registry.npmjs.org/archy/-/archy-1.0.0.tgz",
      "integrity": "sha1-+cjBN1fMHde8N5rHeyxipcKGjEA="
    },
    "async": {
      "version": "2.6.3",
      "resolved": "https://registry.npmjs.org/async/-/async-2.6.3.tgz",
      "integrity": "sha512-zflvls11DCy+dQWzTW2dzuilv8Z5X/pjfmZOWba6TNIVDm+2UDaJmXSOXlasHKfNBs8oo3M0aT50fDEWfKZjXg==",
      "requires": {
        "lodash": "^4.17.14"
      }
    },
    "atomic-sleep": {
      "version": "1.0.0",
      "resolved": "https://registry.npmjs.org/atomic-sleep/-/atomic-sleep-1.0.0.tgz",
      "integrity": "sha512-kNOjDqAh7px0XWNI+4QbzoiR/nTkHAWNud2uvnJquD1/x5a7EQZMJT0AczqK0Qn67oY/TTQ1LbUKajZpp3I9tQ=="
    },
    "avvio": {
      "version": "7.2.2",
      "resolved": "https://registry.npmjs.org/avvio/-/avvio-7.2.2.tgz",
      "integrity": "sha512-XW2CMCmZaCmCCsIaJaLKxAzPwF37fXi1KGxNOvedOpeisLdmxZnblGc3hpHWYnlP+KOUxZsazh43WXNHgXpbqw==",
      "requires": {
        "archy": "^1.0.0",
        "debug": "^4.0.0",
        "fastq": "^1.6.1",
        "queue-microtask": "^1.1.2"
      }
    },
    "basic-auth": {
      "version": "2.0.1",
      "resolved": "https://registry.npmjs.org/basic-auth/-/basic-auth-2.0.1.tgz",
      "integrity": "sha512-NF+epuEdnUYVlGuhaxbbq+dvJttwLnGY+YixlXlME5KpQ5W3CnXA5cVTneY3SPbPDRkcjMbifrwmFYcClgOZeg==",
      "requires": {
        "safe-buffer": "5.1.2"
      }
    },
    "call-bind": {
      "version": "1.0.2",
      "resolved": "https://registry.npmjs.org/call-bind/-/call-bind-1.0.2.tgz",
      "integrity": "sha512-7O+FbCihrB5WGbFYesctwmTKae6rOiIzmz1icreWJ+0aA7LJfuqhEso2T9ncpcFtzMQtzXf2QGGueWJGTYsqrA==",
      "requires": {
        "function-bind": "^1.1.1",
        "get-intrinsic": "^1.0.2"
      }
    },
    "colors": {
      "version": "1.4.0",
      "resolved": "https://registry.npmjs.org/colors/-/colors-1.4.0.tgz",
      "integrity": "sha512-a+UqTh4kgZg/SlGvfbzDHpgRu7AAQOmmqRHJnxhRZICKFUT91brVhNNt58CMWU9PsBbv3PDCZUHbVxuDiH2mtA=="
    },
    "cookie": {
      "version": "0.4.1",
      "resolved": "https://registry.npmjs.org/cookie/-/cookie-0.4.1.tgz",
      "integrity": "sha512-ZwrFkGJxUR3EIoXtO+yVE69Eb7KlixbaeAWfBQB9vVsNn/o+Yw69gBWSSDK825hQNdN+wF8zELf3dFNl/kxkUA=="
    },
    "corser": {
      "version": "2.0.1",
      "resolved": "https://registry.npmjs.org/corser/-/corser-2.0.1.tgz",
      "integrity": "sha1-jtolLsqrWEDc2XXOuQ2TcMgZ/4c="
    },
    "debug": {
      "version": "4.3.3",
      "resolved": "https://registry.npmjs.org/debug/-/debug-4.3.3.tgz",
      "integrity": "sha512-/zxw5+vh1Tfv+4Qn7a5nsbcJKPaSvCDhojn6FEl9vupwK2VCSDtEiEtqr8DFtzYFOdz63LBkxec7DYuc2jon6Q==",
      "requires": {
        "ms": "2.1.2"
      }
    },
    "deepmerge": {
      "version": "4.2.2",
      "resolved": "https://registry.npmjs.org/deepmerge/-/deepmerge-4.2.2.tgz",
      "integrity": "sha512-FJ3UgI4gIl+PHZm53knsuSFpE+nESMr7M4v9QcgB7S63Kj/6WqMiFQJpBBYz1Pt+66bZpP3Q7Lye0Oo9MPKEdg=="
    },
    "earcut": {
      "version": "2.2.3",
      "resolved": "https://registry.npmjs.org/earcut/-/earcut-2.2.3.tgz",
      "integrity": "sha512-iRDI1QeCQIhMCZk48DRDMVgQSSBDmbzzNhnxIo+pwx3swkfjMh6vh0nWLq1NdvGHLKH6wIrAM3vQWeTj6qeoug=="
    },
    "eventemitter3": {
      "version": "3.1.2",
      "resolved": "https://registry.npmjs.org/eventemitter3/-/eventemitter3-3.1.2.tgz",
      "integrity": "sha512-tvtQIeLVHjDkJYnzf2dgVMxfuSGJeM/7UCG17TT4EumTfNtF+0nebF/4zWOIkCreAbtNqhGEboB6BWrwqNaw4Q=="
    },
    "fast-decode-uri-component": {
      "version": "1.0.1",
      "resolved": "https://registry.npmjs.org/fast-decode-uri-component/-/fast-decode-uri-component-1.0.1.tgz",
      "integrity": "sha512-WKgKWg5eUxvRZGwW8FvfbaH7AXSh2cL+3j5fMGzUMCxWBJ3dV3a7Wz8y2f/uQ0e3B6WmodD3oS54jTQ9HVTIIg=="
    },
    "fast-deep-equal": {
      "version": "3.1.3",
      "resolved": "https://registry.npmjs.org/fast-deep-equal/-/fast-deep-equal-3.1.3.tgz",
      "integrity": "sha512-f3qQ9oQy9j2AhBe/H9VC91wLmKBCCU/gDOnKNAYG5hswO7BLKj09Hc5HYNz9cGI++xlpDCIgDaitVs03ATR84Q=="
    },
    "fast-json-stable-stringify": {
      "version": "2.1.0",
      "resolved": "https://registry.npmjs.org/fast-json-stable-stringify/-/fast-json-stable-stringify-2.1.0.tgz",
      "integrity": "sha512-lhd/wF+Lk98HZoTCtlVraHtfh5XYijIjalXck7saUtuanSDyLMxnHhSXEDJqHxD7msR8D0uCmqlkwjCV8xvwHw=="
    },
    "fast-json-stringify": {
      "version": "2.7.12",
      "resolved": "https://registry.npmjs.org/fast-json-stringify/-/fast-json-stringify-2.7.12.tgz",
      "integrity": "sha512-4hjwZDPmgj/ZUKXhEWovGPciE/5mWtAIQQxN+2VBDFun7DRTk2oOItbu9ZZp6kqj+eZ/u7z+dgBgM74cfGRnBQ==",
      "requires": {
        "ajv": "^6.11.0",
        "deepmerge": "^4.2.2",
        "rfdc": "^1.2.0",
        "string-similarity": "^4.0.1"
      }
    },
    "fast-redact": {
      "version": "3.0.2",
      "resolved": "https://registry.npmjs.org/fast-redact/-/fast-redact-3.0.2.tgz",
      "integrity": "sha512-YN+CYfCVRVMUZOUPeinHNKgytM1wPI/C/UCLEi56EsY2dwwvI00kIJHJoI7pMVqGoMew8SMZ2SSfHKHULHXDsg=="
    },
    "fast-safe-stringify": {
      "version": "2.1.1",
      "resolved": "https://registry.npmjs.org/fast-safe-stringify/-/fast-safe-stringify-2.1.1.tgz",
      "integrity": "sha512-W+KJc2dmILlPplD/H4K9l9LcAHAfPtP6BY84uVLXQ6Evcz9Lcg33Y2z1IVblT6xdY54PXYVHEv+0Wpq8Io6zkA=="
    },
    "fastify": {
      "version": "3.24.0",
      "resolved": "https://registry.npmjs.org/fastify/-/fastify-3.24.0.tgz",
      "integrity": "sha512-fmRyrI25rzLGHDQ1FME02NsbP658mVa0EaSqfYUFwx2UOF+4/GcyNrsdWILSDOEiUbOsRYCD3sRCE9v7mvRLRQ==",
      "requires": {
        "@fastify/ajv-compiler": "^1.0.0",
        "abstract-logging": "^2.0.0",
        "avvio": "^7.1.2",
        "fast-json-stringify": "^2.5.2",
        "fastify-error": "^0.3.0",
        "fastify-warning": "^0.2.0",
        "find-my-way": "^4.1.0",
        "flatstr": "^1.0.12",
        "light-my-request": "^4.2.0",
        "pino": "^6.13.0",
        "proxy-addr": "^2.0.7",
        "rfdc": "^1.1.4",
        "secure-json-parse": "^2.0.0",
        "semver": "^7.3.2",
        "tiny-lru": "^7.0.0"
      }
    },
    "fastify-error": {
      "version": "0.3.1",
      "resolved": "https://registry.npmjs.org/fastify-error/-/fastify-error-0.3.1.tgz",
      "integrity": "sha512-oCfpcsDndgnDVgiI7bwFKAun2dO+4h84vBlkWsWnz/OUK9Reff5UFoFl241xTiLeHWX/vU9zkDVXqYUxjOwHcQ=="
    },
    "fastify-warning": {
      "version": "0.2.0",
      "resolved": "https://registry.npmjs.org/fastify-warning/-/fastify-warning-0.2.0.tgz",
      "integrity": "sha512-s1EQguBw/9qtc1p/WTY4eq9WMRIACkj+HTcOIK1in4MV5aFaQC9ZCIt0dJ7pr5bIf4lPpHvAtP2ywpTNgs7hqw=="
    },
    "fastq": {
      "version": "1.13.0",
      "resolved": "https://registry.npmjs.org/fastq/-/fastq-1.13.0.tgz",
      "integrity": "sha512-YpkpUnK8od0o1hmeSc7UUs/eB/vIPWJYjKck2QKIzAf71Vm1AAQ3EbuZB3g2JIy+pg+ERD0vqI79KyZiB2e2Nw==",
      "requires": {
        "reusify": "^1.0.4"
      }
    },
    "find-my-way": {
      "version": "4.4.0",
      "resolved": "https://registry.npmjs.org/find-my-way/-/find-my-way-4.4.0.tgz",
      "integrity": "sha512-hpntHvK0iOHp3pqWRRUEzioar4tp8euBD8DkPG3VauOriZLgwGZLTNp6yZSrdctJ8RCDS7zhZSR2V+yOaBbNow==",
      "requires": {
        "fast-decode-uri-component": "^1.0.1",
        "fast-deep-equal": "^3.1.3",
        "safe-regex2": "^2.0.0",
        "semver-store": "^0.3.0"
      }
    },
    "flatstr": {
      "version": "1.0.12",
      "resolved": "https://registry.npmjs.org/flatstr/-/flatstr-1.0.12.tgz",
      "integrity": "sha512-4zPxDyhCyiN2wIAtSLI6gc82/EjqZc1onI4Mz/l0pWrAlsSfYH/2ZIcU+e3oA2wDwbzIWNKwa23F8rh6+DRWkw=="
    },
    "follow-redirects": {
      "version": "1.14.5",
      "resolved": "https://registry.npmjs.org/follow-redirects/-/follow-redirects-1.14.5.tgz",
      "integrity": "sha512-wtphSXy7d4/OR+MvIFbCVBDzZ5520qV8XfPklSN5QtxuMUJZ+b0Wnst1e1lCDocfzuCkHqj8k0FpZqO+UIaKNA=="
    },
    "forwarded": {
      "version": "0.2.0",
      "resolved": "https://registry.npmjs.org/forwarded/-/forwarded-0.2.0.tgz",
      "integrity": "sha512-buRG0fpBtRHSTCOASe6hD258tEubFoRLb4ZNA6NxMVHNw2gOcwHo9wyablzMzOA5z9xA9L1KNjk/Nt6MT9aYow=="
    },
    "function-bind": {
      "version": "1.1.1",
      "resolved": "https://registry.npmjs.org/function-bind/-/function-bind-1.1.1.tgz",
      "integrity": "sha512-yIovAzMX49sF8Yl58fSCWJ5svSLuaibPxXQJFLmBObTuCr0Mf1KiPopGM9NiFjiYBCbfaa2Fh6breQ6ANVTI0A=="
    },
    "get-intrinsic": {
      "version": "1.1.1",
      "resolved": "https://registry.npmjs.org/get-intrinsic/-/get-intrinsic-1.1.1.tgz",
      "integrity": "sha512-kWZrnVM42QCiEA2Ig1bG8zjoIMOgxWwYCEeNdwY6Tv/cOSeGpcoX4pXHfKUxNKVoArnrEr2e9srnAxxGIraS9Q==",
      "requires": {
        "function-bind": "^1.1.1",
        "has": "^1.0.3",
        "has-symbols": "^1.0.1"
      }
    },
    "has": {
      "version": "1.0.3",
      "resolved": "https://registry.npmjs.org/has/-/has-1.0.3.tgz",
      "integrity": "sha512-f2dvO0VU6Oej7RkWJGrehjbzMAjFp5/VKPp5tTpWIV4JHHZK1/BxbFRtf/siA2SWTe09caDmVtYYzWEIbBS4zw==",
      "requires": {
        "function-bind": "^1.1.1"
      }
    },
    "has-symbols": {
      "version": "1.0.2",
      "resolved": "https://registry.npmjs.org/has-symbols/-/has-symbols-1.0.2.tgz",
      "integrity": "sha512-chXa79rL/UC2KlX17jo3vRGz0azaWEx5tGqZg5pO3NUyEJVB17dMruQlzCCOfUvElghKcm5194+BCRvi2Rv/Gw=="
    },
    "he": {
      "version": "1.2.0",
      "resolved": "https://registry.npmjs.org/he/-/he-1.2.0.tgz",
      "integrity": "sha512-F/1DnUGPopORZi0ni+CvrCgHQ5FyEAHRLSApuYWMmrbSwoN2Mn/7k+Gl38gJnR7yyDZk6WLXwiGod1JOWNDKGw=="
    },
    "html-encoding-sniffer": {
      "version": "3.0.0",
      "resolved": "https://registry.npmjs.org/html-encoding-sniffer/-/html-encoding-sniffer-3.0.0.tgz",
      "integrity": "sha512-oWv4T4yJ52iKrufjnyZPkrN0CH3QnrUqdB6In1g5Fe1mia8GmF36gnfNySxoZtxD5+NmYw1EElVXiBk93UeskA==",
      "requires": {
        "whatwg-encoding": "^2.0.0"
      }
    },
    "http-proxy": {
      "version": "1.18.1",
      "resolved": "https://registry.npmjs.org/http-proxy/-/http-proxy-1.18.1.tgz",
      "integrity": "sha512-7mz/721AbnJwIVbnaSv1Cz3Am0ZLT/UBwkC92VlxhXv/k/BBQfM2fXElQNC27BVGr0uwUpplYPQM9LnaBMR5NQ==",
      "requires": {
        "eventemitter3": "^4.0.0",
        "follow-redirects": "^1.0.0",
        "requires-port": "^1.0.0"
      },
      "dependencies": {
        "eventemitter3": {
          "version": "4.0.7",
          "resolved": "https://registry.npmjs.org/eventemitter3/-/eventemitter3-4.0.7.tgz",
          "integrity": "sha512-8guHBZCwKnFhYdHr2ysuRWErTwhoN2X8XELRlrRwpmfeY2jjuUN4taQMsULKUVo1K4DvZl+0pgfyoysHxvmvEw=="
        }
      }
    },
    "http-server": {
      "version": "14.0.0",
      "resolved": "https://registry.npmjs.org/http-server/-/http-server-14.0.0.tgz",
      "integrity": "sha512-XTePIXAo5x72bI8SlKFSqsg7UuSHwsOa4+RJIe56YeMUvfTvGDy7TxFkTEhfIRmM/Dnf6x29ut541ythSBZdkQ==",
      "requires": {
        "basic-auth": "^2.0.1",
        "colors": "^1.4.0",
        "corser": "^2.0.1",
        "he": "^1.2.0",
        "html-encoding-sniffer": "^3.0.0",
        "http-proxy": "^1.18.1",
        "mime": "^1.6.0",
        "minimist": "^1.2.5",
        "opener": "^1.5.1",
        "portfinder": "^1.0.28",
        "secure-compare": "3.0.1",
        "union": "~0.5.0",
        "url-join": "^4.0.1"
      }
    },
    "iconv-lite": {
      "version": "0.6.3",
      "resolved": "https://registry.npmjs.org/iconv-lite/-/iconv-lite-0.6.3.tgz",
      "integrity": "sha512-4fCk79wshMdzMp2rH06qWrJE4iolqLhCUH+OiuIgU++RB0+94NlDL81atO7GX55uUKueo0txHNtvEyI6D7WdMw==",
      "requires": {
        "safer-buffer": ">= 2.1.2 < 3.0.0"
      }
    },
    "ipaddr.js": {
      "version": "1.9.1",
      "resolved": "https://registry.npmjs.org/ipaddr.js/-/ipaddr.js-1.9.1.tgz",
      "integrity": "sha512-0KI/607xoxSToH7GjN1FfSbLoU0+btTicjsQSWQlh/hZykN8KpmMf7uYwPW3R+akZ6R/w18ZlXSHBYXiYUPO3g=="
    },
    "ismobilejs": {
      "version": "1.1.1",
      "resolved": "https://registry.npmjs.org/ismobilejs/-/ismobilejs-1.1.1.tgz",
      "integrity": "sha512-VaFW53yt8QO61k2WJui0dHf4SlL8lxBofUuUmwBo0ljPk0Drz2TiuDW4jo3wDcv41qy/SxrJ+VAzJ/qYqsmzRw=="
    },
    "json-schema-traverse": {
      "version": "0.4.1",
      "resolved": "https://registry.npmjs.org/json-schema-traverse/-/json-schema-traverse-0.4.1.tgz",
      "integrity": "sha512-xbbCH5dCYU5T8LcEhhuh7HJ88HXuW3qsI3Y0zOZFKfZEHcpWiHU/Jxzk629Brsab/mMiHQti9wMP+845RPe3Vg=="
    },
    "light-my-request": {
      "version": "4.7.0",
      "resolved": "https://registry.npmjs.org/light-my-request/-/light-my-request-4.7.0.tgz",
      "integrity": "sha512-LTa8YZp3K2AUpqUnwwKajoIHcsKOBnzwJNQSrk7unziPwo6CjOYjyO0F9wfkxFvP+nBsCGe3eMPnedVgIIgdAw==",
      "requires": {
        "ajv": "^8.1.0",
        "cookie": "^0.4.0",
        "fastify-warning": "^0.2.0",
        "set-cookie-parser": "^2.4.1"
      },
      "dependencies": {
        "ajv": {
          "version": "8.8.2",
          "resolved": "https://registry.npmjs.org/ajv/-/ajv-8.8.2.tgz",
          "integrity": "sha512-x9VuX+R/jcFj1DHo/fCp99esgGDWiHENrKxaCENuCxpoMCmAt/COCGVDwA7kleEpEzJjDnvh3yGoOuLu0Dtllw==",
          "requires": {
            "fast-deep-equal": "^3.1.1",
            "json-schema-traverse": "^1.0.0",
            "require-from-string": "^2.0.2",
            "uri-js": "^4.2.2"
          }
        },
        "json-schema-traverse": {
          "version": "1.0.0",
          "resolved": "https://registry.npmjs.org/json-schema-traverse/-/json-schema-traverse-1.0.0.tgz",
          "integrity": "sha512-NM8/P9n3XjXhIZn1lLhkFaACTOURQXjWhV4BA/RnOv8xvgqtqpAX9IO4mRQxSx1Rlo4tqzeqb0sOlruaOy3dug=="
        }
      }
    },
    "lodash": {
      "version": "4.17.21",
      "resolved": "https://registry.npmjs.org/lodash/-/lodash-4.17.21.tgz",
      "integrity": "sha512-v2kDEe57lecTulaDIuNTPy3Ry4gLGJ6Z1O3vE1krgXZNrsQ+LFTGHVxVjcXPs17LhbZVGedAJv8XZ1tvj5FvSg=="
    },
    "lru-cache": {
      "version": "6.0.0",
      "resolved": "https://registry.npmjs.org/lru-cache/-/lru-cache-6.0.0.tgz",
      "integrity": "sha512-Jo6dJ04CmSjuznwJSS3pUeWmd/H0ffTlkXXgwZi+eq1UCmqQwCh+eLsYOYCwY991i2Fah4h1BEMCx4qThGbsiA==",
      "requires": {
        "yallist": "^4.0.0"
      }
    },
    "mime": {
      "version": "1.6.0",
      "resolved": "https://registry.npmjs.org/mime/-/mime-1.6.0.tgz",
      "integrity": "sha512-x0Vn8spI+wuJ1O6S7gnbaQg8Pxh4NNHb7KSINmEWKiPE4RKOplvijn+NkmYmmRgP68mc70j2EbeTFRsrswaQeg=="
    },
    "minimist": {
      "version": "1.2.5",
      "resolved": "https://registry.npmjs.org/minimist/-/minimist-1.2.5.tgz",
      "integrity": "sha512-FM9nNUYrRBAELZQT3xeZQ7fmMOBg6nWNmJKTcgsJeaLstP/UODVpGsr5OhXhhXg6f+qtJ8uiZ+PUxkDWcgIXLw=="
    },
    "mkdirp": {
      "version": "0.5.5",
      "resolved": "https://registry.npmjs.org/mkdirp/-/mkdirp-0.5.5.tgz",
      "integrity": "sha512-NKmAlESf6jMGym1++R0Ra7wvhV+wFW63FaSOFPwRahvea0gMUcGUhVeAg/0BC0wiv9ih5NYPB1Wn1UEI1/L+xQ==",
      "requires": {
        "minimist": "^1.2.5"
      }
    },
    "ms": {
      "version": "2.1.2",
      "resolved": "https://registry.npmjs.org/ms/-/ms-2.1.2.tgz",
      "integrity": "sha512-sGkPx+VjMtmA6MX27oA4FBFELFCZZ4S4XqeGOXCv68tT+jb3vk/RyaKWP0PTKyWtmLSM0b+adUTEvbs1PEaH2w=="
    },
    "object-assign": {
      "version": "4.1.1",
      "resolved": "https://registry.npmjs.org/object-assign/-/object-assign-4.1.1.tgz",
      "integrity": "sha1-IQmtx5ZYh8/AXLvUQsrIv7s2CGM="
    },
    "object-inspect": {
      "version": "1.11.0",
      "resolved": "https://registry.npmjs.org/object-inspect/-/object-inspect-1.11.0.tgz",
      "integrity": "sha512-jp7ikS6Sd3GxQfZJPyH3cjcbJF6GZPClgdV+EFygjFLQ5FmW/dRUnTd9PQ9k0JhoNDabWFbpF1yCdSWCC6gexg=="
    },
    "opener": {
      "version": "1.5.2",
      "resolved": "https://registry.npmjs.org/opener/-/opener-1.5.2.tgz",
      "integrity": "sha512-ur5UIdyw5Y7yEj9wLzhqXiy6GZ3Mwx0yGI+5sMn2r0N0v3cKJvUmFH5yPP+WXh9e0xfyzyJX95D8l088DNFj7A=="
    },
    "pino": {
      "version": "6.13.3",
      "resolved": "https://registry.npmjs.org/pino/-/pino-6.13.3.tgz",
      "integrity": "sha512-tJy6qVgkh9MwNgqX1/oYi3ehfl2Y9H0uHyEEMsBe74KinESIjdMrMQDWpcZPpPicg3VV35d/GLQZmo4QgU2Xkg==",
      "requires": {
        "fast-redact": "^3.0.0",
        "fast-safe-stringify": "^2.0.8",
        "fastify-warning": "^0.2.0",
        "flatstr": "^1.0.12",
        "pino-std-serializers": "^3.1.0",
        "quick-format-unescaped": "^4.0.3",
        "sonic-boom": "^1.0.2"
      }
    },
    "pino-std-serializers": {
      "version": "3.2.0",
      "resolved": "https://registry.npmjs.org/pino-std-serializers/-/pino-std-serializers-3.2.0.tgz",
      "integrity": "sha512-EqX4pwDPrt3MuOAAUBMU0Tk5kR/YcCM5fNPEzgCO2zJ5HfX0vbiH9HbJglnyeQsN96Kznae6MWD47pZB5avTrg=="
    },
    "pixi.js": {
      "version": "6.2.0",
      "resolved": "https://registry.npmjs.org/pixi.js/-/pixi.js-6.2.0.tgz",
      "integrity": "sha512-EJtbnN8N+w7MG89UICGrgC/+0KJojkNYSgVNwXG2UwP7k0k0AVOoy2b/0uRGllh6HI87ax5yDQe+NIjjhisFrA==",
      "requires": {
        "@pixi/accessibility": "6.2.0",
        "@pixi/app": "6.2.0",
        "@pixi/compressed-textures": "6.2.0",
        "@pixi/constants": "6.2.0",
        "@pixi/core": "6.2.0",
        "@pixi/display": "6.2.0",
        "@pixi/extract": "6.2.0",
        "@pixi/filter-alpha": "6.2.0",
        "@pixi/filter-blur": "6.2.0",
        "@pixi/filter-color-matrix": "6.2.0",
        "@pixi/filter-displacement": "6.2.0",
        "@pixi/filter-fxaa": "6.2.0",
        "@pixi/filter-noise": "6.2.0",
        "@pixi/graphics": "6.2.0",
        "@pixi/interaction": "6.2.0",
        "@pixi/loaders": "6.2.0",
        "@pixi/math": "6.2.0",
        "@pixi/mesh": "6.2.0",
        "@pixi/mesh-extras": "6.2.0",
        "@pixi/mixin-cache-as-bitmap": "6.2.0",
        "@pixi/mixin-get-child-by-name": "6.2.0",
        "@pixi/mixin-get-global-position": "6.2.0",
        "@pixi/particle-container": "6.2.0",
        "@pixi/polyfill": "6.2.0",
        "@pixi/prepare": "6.2.0",
        "@pixi/runner": "6.2.0",
        "@pixi/settings": "6.2.0",
        "@pixi/sprite": "6.2.0",
        "@pixi/sprite-animated": "6.2.0",
        "@pixi/sprite-tiling": "6.2.0",
        "@pixi/spritesheet": "6.2.0",
        "@pixi/text": "6.2.0",
        "@pixi/text-bitmap": "6.2.0",
        "@pixi/ticker": "6.2.0",
        "@pixi/utils": "6.2.0"
      }
    },
    "portfinder": {
      "version": "1.0.28",
      "resolved": "https://registry.npmjs.org/portfinder/-/portfinder-1.0.28.tgz",
      "integrity": "sha512-Se+2isanIcEqf2XMHjyUKskczxbPH7dQnlMjXX6+dybayyHvAf/TCgyMRlzf/B6QDhAEFOGes0pzRo3by4AbMA==",
      "requires": {
        "async": "^2.6.2",
        "debug": "^3.1.1",
        "mkdirp": "^0.5.5"
      },
      "dependencies": {
        "debug": {
          "version": "3.2.7",
          "resolved": "https://registry.npmjs.org/debug/-/debug-3.2.7.tgz",
          "integrity": "sha512-CFjzYYAi4ThfiQvizrFQevTTXHtnCqWfe7x1AhgEscTz6ZbLbfoLRLPugTQyBth6f8ZERVUSyWHFD/7Wu4t1XQ==",
          "requires": {
            "ms": "^2.1.1"
          }
        }
      }
    },
    "promise-polyfill": {
      "version": "8.2.1",
      "resolved": "https://registry.npmjs.org/promise-polyfill/-/promise-polyfill-8.2.1.tgz",
      "integrity": "sha512-3p9zj0cEHbp7NVUxEYUWjQlffXqnXaZIMPkAO7HhFh8u5636xLRDHOUo2vpWSK0T2mqm6fKLXYn1KP6PAZ2gKg=="
    },
    "proxy-addr": {
      "version": "2.0.7",
      "resolved": "https://registry.npmjs.org/proxy-addr/-/proxy-addr-2.0.7.tgz",
      "integrity": "sha512-llQsMLSUDUPT44jdrU/O37qlnifitDP+ZwrmmZcoSKyLKvtZxpyV0n2/bD/N4tBAAZ/gJEdZU7KMraoK1+XYAg==",
      "requires": {
        "forwarded": "0.2.0",
        "ipaddr.js": "1.9.1"
      }
    },
    "punycode": {
      "version": "1.3.2",
      "resolved": "https://registry.npmjs.org/punycode/-/punycode-1.3.2.tgz",
      "integrity": "sha1-llOgNvt8HuQjQvIyXM7v6jkmxI0="
    },
    "qs": {
      "version": "6.10.1",
      "resolved": "https://registry.npmjs.org/qs/-/qs-6.10.1.tgz",
      "integrity": "sha512-M528Hph6wsSVOBiYUnGf+K/7w0hNshs/duGsNXPUCLH5XAqjEtiPGwNONLV0tBH8NoGb0mvD5JubnUTrujKDTg==",
      "requires": {
        "side-channel": "^1.0.4"
      }
    },
    "querystring": {
      "version": "0.2.0",
      "resolved": "https://registry.npmjs.org/querystring/-/querystring-0.2.0.tgz",
      "integrity": "sha1-sgmEkgO7Jd+CDadW50cAWHhSFiA="
    },
    "queue-microtask": {
      "version": "1.2.3",
      "resolved": "https://registry.npmjs.org/queue-microtask/-/queue-microtask-1.2.3.tgz",
      "integrity": "sha512-NuaNSa6flKT5JaSYQzJok04JzTL1CA6aGhv5rfLW3PgqA+M2ChpZQnAC8h8i4ZFkBS8X5RqkDBHA7r4hej3K9A=="
    },
    "quick-format-unescaped": {
      "version": "4.0.4",
      "resolved": "https://registry.npmjs.org/quick-format-unescaped/-/quick-format-unescaped-4.0.4.tgz",
      "integrity": "sha512-tYC1Q1hgyRuHgloV/YXs2w15unPVh8qfu/qCTfhTYamaw7fyhumKa2yGpdSo87vY32rIclj+4fWYQXUMs9EHvg=="
    },
    "require-from-string": {
      "version": "2.0.2",
      "resolved": "https://registry.npmjs.org/require-from-string/-/require-from-string-2.0.2.tgz",
      "integrity": "sha512-Xf0nWe6RseziFMu+Ap9biiUbmplq6S9/p+7w7YXP/JBHhrUDDUhwa+vANyubuqfZWTveU//DYVGsDG7RKL/vEw=="
    },
    "requires-port": {
      "version": "1.0.0",
      "resolved": "https://registry.npmjs.org/requires-port/-/requires-port-1.0.0.tgz",
      "integrity": "sha1-kl0mAdOaxIXgkc8NpcbmlNw9yv8="
    },
    "ret": {
      "version": "0.2.2",
      "resolved": "https://registry.npmjs.org/ret/-/ret-0.2.2.tgz",
      "integrity": "sha512-M0b3YWQs7R3Z917WRQy1HHA7Ba7D8hvZg6UE5mLykJxQVE2ju0IXbGlaHPPlkY+WN7wFP+wUMXmBFA0aV6vYGQ=="
    },
    "reusify": {
      "version": "1.0.4",
      "resolved": "https://registry.npmjs.org/reusify/-/reusify-1.0.4.tgz",
      "integrity": "sha512-U9nH88a3fc/ekCF1l0/UP1IosiuIjyTh7hBvXVMHYgVcfGvt897Xguj2UOLDeI5BG2m7/uwyaLVT6fbtCwTyzw=="
    },
    "rfdc": {
      "version": "1.3.0",
      "resolved": "https://registry.npmjs.org/rfdc/-/rfdc-1.3.0.tgz",
      "integrity": "sha512-V2hovdzFbOi77/WajaSMXk2OLm+xNIeQdMMuB7icj7bk6zi2F8GGAxigcnDFpJHbNyNcgyJDiP+8nOrY5cZGrA=="
    },
    "safe-buffer": {
      "version": "5.1.2",
      "resolved": "https://registry.npmjs.org/safe-buffer/-/safe-buffer-5.1.2.tgz",
      "integrity": "sha512-Gd2UZBJDkXlY7GbJxfsE8/nvKkUEU1G38c1siN6QP6a9PT9MmHB8GnpscSmMJSoF8LOIrt8ud/wPtojys4G6+g=="
    },
    "safe-regex2": {
      "version": "2.0.0",
      "resolved": "https://registry.npmjs.org/safe-regex2/-/safe-regex2-2.0.0.tgz",
      "integrity": "sha512-PaUSFsUaNNuKwkBijoAPHAK6/eM6VirvyPWlZ7BAQy4D+hCvh4B6lIG+nPdhbFfIbP+gTGBcrdsOaUs0F+ZBOQ==",
      "requires": {
        "ret": "~0.2.0"
      }
    },
    "safer-buffer": {
      "version": "2.1.2",
      "resolved": "https://registry.npmjs.org/safer-buffer/-/safer-buffer-2.1.2.tgz",
      "integrity": "sha512-YZo3K82SD7Riyi0E1EQPojLz7kpepnSQI9IyPbHHg1XXXevb5dJI7tpyN2ADxGcQbHG7vcyRHk0cbwqcQriUtg=="
    },
    "secure-compare": {
      "version": "3.0.1",
      "resolved": "https://registry.npmjs.org/secure-compare/-/secure-compare-3.0.1.tgz",
      "integrity": "sha1-8aAymzCLIh+uN7mXTz1XjQypmeM="
    },
    "secure-json-parse": {
      "version": "2.4.0",
      "resolved": "https://registry.npmjs.org/secure-json-parse/-/secure-json-parse-2.4.0.tgz",
      "integrity": "sha512-Q5Z/97nbON5t/L/sH6mY2EacfjVGwrCcSi5D3btRO2GZ8pf1K1UN7Z9H5J57hjVU2Qzxr1xO+FmBhOvEkzCMmg=="
    },
    "semver": {
      "version": "7.3.5",
      "resolved": "https://registry.npmjs.org/semver/-/semver-7.3.5.tgz",
      "integrity": "sha512-PoeGJYh8HK4BTO/a9Tf6ZG3veo/A7ZVsYrSA6J8ny9nb3B1VrpkuN+z9OE5wfE5p6H4LchYZsegiQgbJD94ZFQ==",
      "requires": {
        "lru-cache": "^6.0.0"
      }
    },
    "semver-store": {
      "version": "0.3.0",
      "resolved": "https://registry.npmjs.org/semver-store/-/semver-store-0.3.0.tgz",
      "integrity": "sha512-TcZvGMMy9vodEFSse30lWinkj+JgOBvPn8wRItpQRSayhc+4ssDs335uklkfvQQJgL/WvmHLVj4Ycv2s7QCQMg=="
    },
    "set-cookie-parser": {
      "version": "2.4.8",
      "resolved": "https://registry.npmjs.org/set-cookie-parser/-/set-cookie-parser-2.4.8.tgz",
      "integrity": "sha512-edRH8mBKEWNVIVMKejNnuJxleqYE/ZSdcT8/Nem9/mmosx12pctd80s2Oy00KNZzrogMZS5mauK2/ymL1bvlvg=="
    },
    "side-channel": {
      "version": "1.0.4",
      "resolved": "https://registry.npmjs.org/side-channel/-/side-channel-1.0.4.tgz",
      "integrity": "sha512-q5XPytqFEIKHkGdiMIrY10mvLRvnQh42/+GoBlFW3b2LXLE2xxJpZFdm94we0BaoV3RwJyGqg5wS7epxTv0Zvw==",
      "requires": {
        "call-bind": "^1.0.0",
        "get-intrinsic": "^1.0.2",
        "object-inspect": "^1.9.0"
      }
    },
    "sonic-boom": {
      "version": "1.4.1",
      "resolved": "https://registry.npmjs.org/sonic-boom/-/sonic-boom-1.4.1.tgz",
      "integrity": "sha512-LRHh/A8tpW7ru89lrlkU4AszXt1dbwSjVWguGrmlxE7tawVmDBlI1PILMkXAxJTwqhgsEeTHzj36D5CmHgQmNg==",
      "requires": {
        "atomic-sleep": "^1.0.0",
        "flatstr": "^1.0.12"
      }
    },
    "string-similarity": {
      "version": "4.0.4",
      "resolved": "https://registry.npmjs.org/string-similarity/-/string-similarity-4.0.4.tgz",
      "integrity": "sha512-/q/8Q4Bl4ZKAPjj8WerIBJWALKkaPRfrvhfF8k/B23i4nzrlRj2/go1m90In7nG/3XDSbOo0+pu6RvCTM9RGMQ=="
    },
    "tiny-lru": {
      "version": "7.0.6",
      "resolved": "https://registry.npmjs.org/tiny-lru/-/tiny-lru-7.0.6.tgz",
      "integrity": "sha512-zNYO0Kvgn5rXzWpL0y3RS09sMK67eGaQj9805jlK9G6pSadfriTczzLHFXa/xcW4mIRfmlB9HyQ/+SgL0V1uow=="
    },
    "union": {
      "version": "0.5.0",
      "resolved": "https://registry.npmjs.org/union/-/union-0.5.0.tgz",
      "integrity": "sha512-N6uOhuW6zO95P3Mel2I2zMsbsanvvtgn6jVqJv4vbVcz/JN0OkL9suomjQGmWtxJQXOCqUJvquc1sMeNz/IwlA==",
      "requires": {
        "qs": "^6.4.0"
      }
    },
    "uri-js": {
      "version": "4.4.1",
      "resolved": "https://registry.npmjs.org/uri-js/-/uri-js-4.4.1.tgz",
      "integrity": "sha512-7rKUyy33Q1yc98pQ1DAmLtwX109F7TIfWlW1Ydo8Wl1ii1SeHieeh0HHfPeL2fMXK6z0s8ecKs9frCuLJvndBg==",
      "requires": {
        "punycode": "^2.1.0"
      },
      "dependencies": {
        "punycode": {
          "version": "2.1.1",
          "resolved": "https://registry.npmjs.org/punycode/-/punycode-2.1.1.tgz",
          "integrity": "sha512-XRsRjdf+j5ml+y/6GKHPZbrF/8p2Yga0JPtdqTIY2Xe5ohJPD9saDJJLPvp9+NSBprVvevdXZybnj2cv8OEd0A=="
        }
      }
    },
    "url": {
      "version": "0.11.0",
      "resolved": "https://registry.npmjs.org/url/-/url-0.11.0.tgz",
      "integrity": "sha1-ODjpfPxgUh63PFJajlW/3Z4uKPE=",
      "requires": {
        "punycode": "1.3.2",
        "querystring": "0.2.0"
      }
    },
    "url-join": {
      "version": "4.0.1",
      "resolved": "https://registry.npmjs.org/url-join/-/url-join-4.0.1.tgz",
      "integrity": "sha512-jk1+QP6ZJqyOiuEI9AEWQfju/nB2Pw466kbA0LEZljHwKeMgd9WrAEgEGxjPDD2+TNbbb37rTyhEfrCXfuKXnA=="
    },
    "whatwg-encoding": {
      "version": "2.0.0",
      "resolved": "https://registry.npmjs.org/whatwg-encoding/-/whatwg-encoding-2.0.0.tgz",
      "integrity": "sha512-p41ogyeMUrw3jWclHWTQg1k05DSVXPLcVxRTYsXUk+ZooOCZLcoYgPZ/HL/D/N+uQPOtcp1me1WhBEaX02mhWg==",
      "requires": {
        "iconv-lite": "0.6.3"
      }
    },
    "yallist": {
      "version": "4.0.0",
      "resolved": "https://registry.npmjs.org/yallist/-/yallist-4.0.0.tgz",
      "integrity": "sha512-3wdGidZyq5PB084XLES5TpOSRA3wjXAlIWMhum2kRcv/41Sn2emQ0dycQW4uZXLejwKvg6EsvbdlVL+FYEct7A=="
    }
  }
}
